// !$*UTF8*$!
{
	archiveVersion = 1;
	classes = {
	};
	objectVersion = 46;
	objects = {

/* Begin PBXBuildFile section */
		BE0358A81A5912EE0059B06B /* InterfaceController.swift in Sources */ = {isa = PBXBuildFile; fileRef = BE0358A71A5912EE0059B06B /* InterfaceController.swift */; };
		BE0358AA1A5912EE0059B06B /* Images.xcassets in Resources */ = {isa = PBXBuildFile; fileRef = BE0358A91A5912EE0059B06B /* Images.xcassets */; };
		BE0358AE1A5912EE0059B06B /* iOS8SwiftTodayExtension WatchKit App.app in Resources */ = {isa = PBXBuildFile; fileRef = BE0358AD1A5912EE0059B06B /* iOS8SwiftTodayExtension WatchKit App.app */; };
		BE0358B61A5912EE0059B06B /* Interface.storyboard in Resources */ = {isa = PBXBuildFile; fileRef = BE0358B41A5912EE0059B06B /* Interface.storyboard */; };
		BE0358B81A5912EE0059B06B /* Images.xcassets in Resources */ = {isa = PBXBuildFile; fileRef = BE0358B71A5912EE0059B06B /* Images.xcassets */; };
		BE0358BB1A5912EE0059B06B /* iOS8SwiftTodayExtension WatchKit Extension.appex in Embed App Extensions */ = {isa = PBXBuildFile; fileRef = BE0358A31A5912EE0059B06B /* iOS8SwiftTodayExtension WatchKit Extension.appex */; settings = {ATTRIBUTES = (RemoveHeadersOnCopy, ); }; };
		BE75B5BB1A589265002488B6 /* AppDelegate.swift in Sources */ = {isa = PBXBuildFile; fileRef = BE75B5BA1A589265002488B6 /* AppDelegate.swift */; };
		BE75B5BD1A589265002488B6 /* ViewController.swift in Sources */ = {isa = PBXBuildFile; fileRef = BE75B5BC1A589265002488B6 /* ViewController.swift */; };
		BE75B5C01A589265002488B6 /* Main.storyboard in Resources */ = {isa = PBXBuildFile; fileRef = BE75B5BE1A589265002488B6 /* Main.storyboard */; };
		BE75B5C21A589265002488B6 /* Images.xcassets in Resources */ = {isa = PBXBuildFile; fileRef = BE75B5C11A589265002488B6 /* Images.xcassets */; };
		BE75B5C51A589265002488B6 /* LaunchScreen.xib in Resources */ = {isa = PBXBuildFile; fileRef = BE75B5C31A589265002488B6 /* LaunchScreen.xib */; };
		BE75B5D11A589265002488B6 /* iOS8SwiftTodayExtensionTests.swift in Sources */ = {isa = PBXBuildFile; fileRef = BE75B5D01A589265002488B6 /* iOS8SwiftTodayExtensionTests.swift */; };
		BE75B5DC1A58942C002488B6 /* LICENSE in Resources */ = {isa = PBXBuildFile; fileRef = BE75B5DA1A58942C002488B6 /* LICENSE */; };
		BE75B5E51A5894BC002488B6 /* NotificationCenter.framework in Frameworks */ = {isa = PBXBuildFile; fileRef = BE75B5E41A5894BC002488B6 /* NotificationCenter.framework */; };
		BE75B5EA1A5894BC002488B6 /* TodayViewController.swift in Sources */ = {isa = PBXBuildFile; fileRef = BE75B5E91A5894BC002488B6 /* TodayViewController.swift */; };
		BE75B5EC1A5894BC002488B6 /* MainInterface.storyboard in Resources */ = {isa = PBXBuildFile; fileRef = BE75B5EB1A5894BC002488B6 /* MainInterface.storyboard */; };
		BE75B5F01A5894BC002488B6 /* TodayExtension.appex in Embed App Extensions */ = {isa = PBXBuildFile; fileRef = BE75B5E21A5894BC002488B6 /* TodayExtension.appex */; settings = {ATTRIBUTES = (RemoveHeadersOnCopy, ); }; };
/* End PBXBuildFile section */

/* Begin PBXContainerItemProxy section */
		BE0358AF1A5912EE0059B06B /* PBXContainerItemProxy */ = {
			isa = PBXContainerItemProxy;
			containerPortal = BE75B5AD1A589265002488B6 /* Project object */;
			proxyType = 1;
			remoteGlobalIDString = BE0358AC1A5912EE0059B06B;
			remoteInfo = "iOS8SwiftTodayExtension WatchKit App";
		};
		BE0358B91A5912EE0059B06B /* PBXContainerItemProxy */ = {
			isa = PBXContainerItemProxy;
			containerPortal = BE75B5AD1A589265002488B6 /* Project object */;
			proxyType = 1;
			remoteGlobalIDString = BE0358A21A5912EE0059B06B;
			remoteInfo = "iOS8SwiftTodayExtension WatchKit Extension";
		};
		BE75B5CB1A589265002488B6 /* PBXContainerItemProxy */ = {
			isa = PBXContainerItemProxy;
			containerPortal = BE75B5AD1A589265002488B6 /* Project object */;
			proxyType = 1;
			remoteGlobalIDString = BE75B5B41A589265002488B6;
			remoteInfo = iOS8SwiftTodayExtension;
		};
		BE75B5ED1A5894BC002488B6 /* PBXContainerItemProxy */ = {
			isa = PBXContainerItemProxy;
			containerPortal = BE75B5AD1A589265002488B6 /* Project object */;
			proxyType = 1;
			remoteGlobalIDString = BE75B5E11A5894BC002488B6;
			remoteInfo = TodayExtension;
		};
/* End PBXContainerItemProxy section */

/* Begin PBXCopyFilesBuildPhase section */
		BE75B5EF1A5894BC002488B6 /* Embed App Extensions */ = {
			isa = PBXCopyFilesBuildPhase;
			buildActionMask = 2147483647;
			dstPath = "";
			dstSubfolderSpec = 13;
			files = (
				BE0358BB1A5912EE0059B06B /* iOS8SwiftTodayExtension WatchKit Extension.appex in Embed App Extensions */,
				BE75B5F01A5894BC002488B6 /* TodayExtension.appex in Embed App Extensions */,
			);
			name = "Embed App Extensions";
			runOnlyForDeploymentPostprocessing = 0;
		};
/* End PBXCopyFilesBuildPhase section */

/* Begin PBXFileReference section */
		BE0358A31A5912EE0059B06B /* iOS8SwiftTodayExtension WatchKit Extension.appex */ = {isa = PBXFileReference; explicitFileType = "wrapper.app-extension"; includeInIndex = 0; path = "iOS8SwiftTodayExtension WatchKit Extension.appex"; sourceTree = BUILT_PRODUCTS_DIR; };
		BE0358A61A5912EE0059B06B /* Info.plist */ = {isa = PBXFileReference; lastKnownFileType = text.plist.xml; path = Info.plist; sourceTree = "<group>"; };
		BE0358A71A5912EE0059B06B /* InterfaceController.swift */ = {isa = PBXFileReference; lastKnownFileType = sourcecode.swift; path = InterfaceController.swift; sourceTree = "<group>"; };
		BE0358A91A5912EE0059B06B /* Images.xcassets */ = {isa = PBXFileReference; lastKnownFileType = folder.assetcatalog; path = Images.xcassets; sourceTree = "<group>"; };
		BE0358AD1A5912EE0059B06B /* iOS8SwiftTodayExtension WatchKit App.app */ = {isa = PBXFileReference; explicitFileType = wrapper.application; includeInIndex = 0; path = "iOS8SwiftTodayExtension WatchKit App.app"; sourceTree = BUILT_PRODUCTS_DIR; };
		BE0358B31A5912EE0059B06B /* Info.plist */ = {isa = PBXFileReference; lastKnownFileType = text.plist.xml; path = Info.plist; sourceTree = "<group>"; };
		BE0358B51A5912EE0059B06B /* Base */ = {isa = PBXFileReference; lastKnownFileType = file.storyboard; name = Base; path = Base.lproj/Interface.storyboard; sourceTree = "<group>"; };
		BE0358B71A5912EE0059B06B /* Images.xcassets */ = {isa = PBXFileReference; lastKnownFileType = folder.assetcatalog; path = Images.xcassets; sourceTree = "<group>"; };
		BE75B5B51A589265002488B6 /* iOS8SwiftTodayExtension.app */ = {isa = PBXFileReference; explicitFileType = wrapper.application; includeInIndex = 0; path = iOS8SwiftTodayExtension.app; sourceTree = BUILT_PRODUCTS_DIR; };
		BE75B5B91A589265002488B6 /* Info.plist */ = {isa = PBXFileReference; lastKnownFileType = text.plist.xml; path = Info.plist; sourceTree = "<group>"; };
		BE75B5BA1A589265002488B6 /* AppDelegate.swift */ = {isa = PBXFileReference; lastKnownFileType = sourcecode.swift; path = AppDelegate.swift; sourceTree = "<group>"; };
		BE75B5BC1A589265002488B6 /* ViewController.swift */ = {isa = PBXFileReference; lastKnownFileType = sourcecode.swift; path = ViewController.swift; sourceTree = "<group>"; };
		BE75B5BF1A589265002488B6 /* Base */ = {isa = PBXFileReference; lastKnownFileType = file.storyboard; name = Base; path = Base.lproj/Main.storyboard; sourceTree = "<group>"; };
		BE75B5C11A589265002488B6 /* Images.xcassets */ = {isa = PBXFileReference; lastKnownFileType = folder.assetcatalog; path = Images.xcassets; sourceTree = "<group>"; };
		BE75B5C41A589265002488B6 /* Base */ = {isa = PBXFileReference; lastKnownFileType = file.xib; name = Base; path = Base.lproj/LaunchScreen.xib; sourceTree = "<group>"; };
		BE75B5CA1A589265002488B6 /* iOS8SwiftTodayExtensionTests.xctest */ = {isa = PBXFileReference; explicitFileType = wrapper.cfbundle; includeInIndex = 0; path = iOS8SwiftTodayExtensionTests.xctest; sourceTree = BUILT_PRODUCTS_DIR; };
		BE75B5CF1A589265002488B6 /* Info.plist */ = {isa = PBXFileReference; lastKnownFileType = text.plist.xml; path = Info.plist; sourceTree = "<group>"; };
		BE75B5D01A589265002488B6 /* iOS8SwiftTodayExtensionTests.swift */ = {isa = PBXFileReference; lastKnownFileType = sourcecode.swift; path = iOS8SwiftTodayExtensionTests.swift; sourceTree = "<group>"; };
		BE75B5DA1A58942C002488B6 /* LICENSE */ = {isa = PBXFileReference; fileEncoding = 4; lastKnownFileType = text; path = LICENSE; sourceTree = "<group>"; };
		BE75B5DB1A58942C002488B6 /* README.md */ = {isa = PBXFileReference; fileEncoding = 4; lastKnownFileType = net.daringfireball.markdown; path = README.md; sourceTree = "<group>"; };
		BE75B5E21A5894BC002488B6 /* TodayExtension.appex */ = {isa = PBXFileReference; explicitFileType = "wrapper.app-extension"; includeInIndex = 0; path = TodayExtension.appex; sourceTree = BUILT_PRODUCTS_DIR; };
		BE75B5E41A5894BC002488B6 /* NotificationCenter.framework */ = {isa = PBXFileReference; lastKnownFileType = wrapper.framework; name = NotificationCenter.framework; path = System/Library/Frameworks/NotificationCenter.framework; sourceTree = SDKROOT; };
		BE75B5E81A5894BC002488B6 /* Info.plist */ = {isa = PBXFileReference; lastKnownFileType = text.plist.xml; path = Info.plist; sourceTree = "<group>"; };
		BE75B5E91A5894BC002488B6 /* TodayViewController.swift */ = {isa = PBXFileReference; lastKnownFileType = sourcecode.swift; path = TodayViewController.swift; sourceTree = "<group>"; };
		BE75B5EB1A5894BC002488B6 /* MainInterface.storyboard */ = {isa = PBXFileReference; lastKnownFileType = file.storyboard; path = MainInterface.storyboard; sourceTree = "<group>"; };
/* End PBXFileReference section */

/* Begin PBXFrameworksBuildPhase section */
		BE0358A01A5912EE0059B06B /* Frameworks */ = {
			isa = PBXFrameworksBuildPhase;
			buildActionMask = 2147483647;
			files = (
			);
			runOnlyForDeploymentPostprocessing = 0;
		};
		BE75B5B21A589265002488B6 /* Frameworks */ = {
			isa = PBXFrameworksBuildPhase;
			buildActionMask = 2147483647;
			files = (
			);
			runOnlyForDeploymentPostprocessing = 0;
		};
		BE75B5C71A589265002488B6 /* Frameworks */ = {
			isa = PBXFrameworksBuildPhase;
			buildActionMask = 2147483647;
			files = (
			);
			runOnlyForDeploymentPostprocessing = 0;
		};
		BE75B5DF1A5894BC002488B6 /* Frameworks */ = {
			isa = PBXFrameworksBuildPhase;
			buildActionMask = 2147483647;
			files = (
				BE75B5E51A5894BC002488B6 /* NotificationCenter.framework in Frameworks */,
			);
			runOnlyForDeploymentPostprocessing = 0;
		};
/* End PBXFrameworksBuildPhase section */

/* Begin PBXGroup section */
		BE0358A41A5912EE0059B06B /* iOS8SwiftTodayExtension WatchKit Extension */ = {
			isa = PBXGroup;
			children = (
				BE0358A71A5912EE0059B06B /* InterfaceController.swift */,
				BE0358A91A5912EE0059B06B /* Images.xcassets */,
				BE0358A51A5912EE0059B06B /* Supporting Files */,
			);
			path = "iOS8SwiftTodayExtension WatchKit Extension";
			sourceTree = "<group>";
		};
		BE0358A51A5912EE0059B06B /* Supporting Files */ = {
			isa = PBXGroup;
			children = (
				BE0358A61A5912EE0059B06B /* Info.plist */,
			);
			name = "Supporting Files";
			sourceTree = "<group>";
		};
		BE0358B11A5912EE0059B06B /* iOS8SwiftTodayExtension WatchKit App */ = {
			isa = PBXGroup;
			children = (
				BE0358B41A5912EE0059B06B /* Interface.storyboard */,
				BE0358B71A5912EE0059B06B /* Images.xcassets */,
				BE0358B21A5912EE0059B06B /* Supporting Files */,
			);
			path = "iOS8SwiftTodayExtension WatchKit App";
			sourceTree = "<group>";
		};
		BE0358B21A5912EE0059B06B /* Supporting Files */ = {
			isa = PBXGroup;
			children = (
				BE0358B31A5912EE0059B06B /* Info.plist */,
			);
			name = "Supporting Files";
			sourceTree = "<group>";
		};
		BE75B5AC1A589265002488B6 = {
			isa = PBXGroup;
			children = (
				BE75B5DA1A58942C002488B6 /* LICENSE */,
				BE75B5DB1A58942C002488B6 /* README.md */,
				BE75B5B71A589265002488B6 /* iOS8SwiftTodayExtension */,
				BE75B5CD1A589265002488B6 /* iOS8SwiftTodayExtensionTests */,
				BE75B5E61A5894BC002488B6 /* TodayExtension */,
				BE0358A41A5912EE0059B06B /* iOS8SwiftTodayExtension WatchKit Extension */,
				BE0358B11A5912EE0059B06B /* iOS8SwiftTodayExtension WatchKit App */,
				BE75B5E31A5894BC002488B6 /* Frameworks */,
				BE75B5B61A589265002488B6 /* Products */,
			);
			sourceTree = "<group>";
		};
		BE75B5B61A589265002488B6 /* Products */ = {
			isa = PBXGroup;
			children = (
				BE75B5B51A589265002488B6 /* iOS8SwiftTodayExtension.app */,
				BE75B5CA1A589265002488B6 /* iOS8SwiftTodayExtensionTests.xctest */,
				BE75B5E21A5894BC002488B6 /* TodayExtension.appex */,
				BE0358A31A5912EE0059B06B /* iOS8SwiftTodayExtension WatchKit Extension.appex */,
				BE0358AD1A5912EE0059B06B /* iOS8SwiftTodayExtension WatchKit App.app */,
			);
			name = Products;
			sourceTree = "<group>";
		};
		BE75B5B71A589265002488B6 /* iOS8SwiftTodayExtension */ = {
			isa = PBXGroup;
			children = (
				BE75B5BA1A589265002488B6 /* AppDelegate.swift */,
				BE75B5BC1A589265002488B6 /* ViewController.swift */,
				BE75B5BE1A589265002488B6 /* Main.storyboard */,
				BE75B5C11A589265002488B6 /* Images.xcassets */,
				BE75B5C31A589265002488B6 /* LaunchScreen.xib */,
				BE75B5B81A589265002488B6 /* Supporting Files */,
			);
			path = iOS8SwiftTodayExtension;
			sourceTree = "<group>";
		};
		BE75B5B81A589265002488B6 /* Supporting Files */ = {
			isa = PBXGroup;
			children = (
				BE75B5B91A589265002488B6 /* Info.plist */,
			);
			name = "Supporting Files";
			sourceTree = "<group>";
		};
		BE75B5CD1A589265002488B6 /* iOS8SwiftTodayExtensionTests */ = {
			isa = PBXGroup;
			children = (
				BE75B5D01A589265002488B6 /* iOS8SwiftTodayExtensionTests.swift */,
				BE75B5CE1A589265002488B6 /* Supporting Files */,
			);
			path = iOS8SwiftTodayExtensionTests;
			sourceTree = "<group>";
		};
		BE75B5CE1A589265002488B6 /* Supporting Files */ = {
			isa = PBXGroup;
			children = (
				BE75B5CF1A589265002488B6 /* Info.plist */,
			);
			name = "Supporting Files";
			sourceTree = "<group>";
		};
		BE75B5E31A5894BC002488B6 /* Frameworks */ = {
			isa = PBXGroup;
			children = (
				BE75B5E41A5894BC002488B6 /* NotificationCenter.framework */,
			);
			name = Frameworks;
			sourceTree = "<group>";
		};
		BE75B5E61A5894BC002488B6 /* TodayExtension */ = {
			isa = PBXGroup;
			children = (
				BE75B5E91A5894BC002488B6 /* TodayViewController.swift */,
				BE75B5EB1A5894BC002488B6 /* MainInterface.storyboard */,
				BE75B5E71A5894BC002488B6 /* Supporting Files */,
			);
			path = TodayExtension;
			sourceTree = "<group>";
		};
		BE75B5E71A5894BC002488B6 /* Supporting Files */ = {
			isa = PBXGroup;
			children = (
				BE75B5E81A5894BC002488B6 /* Info.plist */,
			);
			name = "Supporting Files";
			sourceTree = "<group>";
		};
/* End PBXGroup section */

/* Begin PBXNativeTarget section */
		BE0358A21A5912EE0059B06B /* iOS8SwiftTodayExtension WatchKit Extension */ = {
			isa = PBXNativeTarget;
			buildConfigurationList = BE0358C11A5912EE0059B06B /* Build configuration list for PBXNativeTarget "iOS8SwiftTodayExtension WatchKit Extension" */;
			buildPhases = (
				BE03589F1A5912EE0059B06B /* Sources */,
				BE0358A01A5912EE0059B06B /* Frameworks */,
				BE0358A11A5912EE0059B06B /* Resources */,
			);
			buildRules = (
			);
			dependencies = (
				BE0358B01A5912EE0059B06B /* PBXTargetDependency */,
			);
			name = "iOS8SwiftTodayExtension WatchKit Extension";
			productName = "iOS8SwiftTodayExtension WatchKit Extension";
			productReference = BE0358A31A5912EE0059B06B /* iOS8SwiftTodayExtension WatchKit Extension.appex */;
			productType = "com.apple.product-type.watchkit-extension";
		};
		BE0358AC1A5912EE0059B06B /* iOS8SwiftTodayExtension WatchKit App */ = {
			isa = PBXNativeTarget;
			buildConfigurationList = BE0358C01A5912EE0059B06B /* Build configuration list for PBXNativeTarget "iOS8SwiftTodayExtension WatchKit App" */;
			buildPhases = (
				BE0358AB1A5912EE0059B06B /* Resources */,
			);
			buildRules = (
			);
			dependencies = (
			);
			name = "iOS8SwiftTodayExtension WatchKit App";
			productName = "iOS8SwiftTodayExtension WatchKit App";
			productReference = BE0358AD1A5912EE0059B06B /* iOS8SwiftTodayExtension WatchKit App.app */;
			productType = "com.apple.product-type.application.watchapp";
		};
		BE75B5B41A589265002488B6 /* iOS8SwiftTodayExtension */ = {
			isa = PBXNativeTarget;
			buildConfigurationList = BE75B5D41A589265002488B6 /* Build configuration list for PBXNativeTarget "iOS8SwiftTodayExtension" */;
			buildPhases = (
				BE75B5B11A589265002488B6 /* Sources */,
				BE75B5B21A589265002488B6 /* Frameworks */,
				BE75B5B31A589265002488B6 /* Resources */,
				BE75B5EF1A5894BC002488B6 /* Embed App Extensions */,
			);
			buildRules = (
			);
			dependencies = (
				BE75B5EE1A5894BC002488B6 /* PBXTargetDependency */,
				BE0358BA1A5912EE0059B06B /* PBXTargetDependency */,
			);
			name = iOS8SwiftTodayExtension;
			productName = iOS8SwiftTodayExtension;
			productReference = BE75B5B51A589265002488B6 /* iOS8SwiftTodayExtension.app */;
			productType = "com.apple.product-type.application";
		};
		BE75B5C91A589265002488B6 /* iOS8SwiftTodayExtensionTests */ = {
			isa = PBXNativeTarget;
			buildConfigurationList = BE75B5D71A589265002488B6 /* Build configuration list for PBXNativeTarget "iOS8SwiftTodayExtensionTests" */;
			buildPhases = (
				BE75B5C61A589265002488B6 /* Sources */,
				BE75B5C71A589265002488B6 /* Frameworks */,
				BE75B5C81A589265002488B6 /* Resources */,
			);
			buildRules = (
			);
			dependencies = (
				BE75B5CC1A589265002488B6 /* PBXTargetDependency */,
			);
			name = iOS8SwiftTodayExtensionTests;
			productName = iOS8SwiftTodayExtensionTests;
			productReference = BE75B5CA1A589265002488B6 /* iOS8SwiftTodayExtensionTests.xctest */;
			productType = "com.apple.product-type.bundle.unit-test";
		};
		BE75B5E11A5894BC002488B6 /* TodayExtension */ = {
			isa = PBXNativeTarget;
			buildConfigurationList = BE75B5F11A5894BC002488B6 /* Build configuration list for PBXNativeTarget "TodayExtension" */;
			buildPhases = (
				BE75B5DE1A5894BC002488B6 /* Sources */,
				BE75B5DF1A5894BC002488B6 /* Frameworks */,
				BE75B5E01A5894BC002488B6 /* Resources */,
			);
			buildRules = (
			);
			dependencies = (
			);
			name = TodayExtension;
			productName = TodayExtension;
			productReference = BE75B5E21A5894BC002488B6 /* TodayExtension.appex */;
			productType = "com.apple.product-type.app-extension";
		};
/* End PBXNativeTarget section */

/* Begin PBXProject section */
		BE75B5AD1A589265002488B6 /* Project object */ = {
			isa = PBXProject;
			attributes = {
				LastUpgradeCheck = 0610;
				ORGANIZATIONNAME = "Kenneth Wilcox";
				TargetAttributes = {
					BE0358A21A5912EE0059B06B = {
						CreatedOnToolsVersion = 6.2;
					};
					BE0358AC1A5912EE0059B06B = {
						CreatedOnToolsVersion = 6.2;
					};
					BE75B5B41A589265002488B6 = {
						CreatedOnToolsVersion = 6.1.1;
					};
					BE75B5C91A589265002488B6 = {
						CreatedOnToolsVersion = 6.1.1;
						TestTargetID = BE75B5B41A589265002488B6;
					};
					BE75B5E11A5894BC002488B6 = {
						CreatedOnToolsVersion = 6.1.1;
					};
				};
			};
			buildConfigurationList = BE75B5B01A589265002488B6 /* Build configuration list for PBXProject "iOS8SwiftTodayExtension" */;
			compatibilityVersion = "Xcode 3.2";
			developmentRegion = English;
			hasScannedForEncodings = 0;
			knownRegions = (
				en,
				Base,
			);
			mainGroup = BE75B5AC1A589265002488B6;
			productRefGroup = BE75B5B61A589265002488B6 /* Products */;
			projectDirPath = "";
			projectRoot = "";
			targets = (
				BE75B5B41A589265002488B6 /* iOS8SwiftTodayExtension */,
				BE75B5C91A589265002488B6 /* iOS8SwiftTodayExtensionTests */,
				BE75B5E11A5894BC002488B6 /* TodayExtension */,
				BE0358A21A5912EE0059B06B /* iOS8SwiftTodayExtension WatchKit Extension */,
				BE0358AC1A5912EE0059B06B /* iOS8SwiftTodayExtension WatchKit App */,
			);
		};
/* End PBXProject section */

/* Begin PBXResourcesBuildPhase section */
		BE0358A11A5912EE0059B06B /* Resources */ = {
			isa = PBXResourcesBuildPhase;
			buildActionMask = 2147483647;
			files = (
				BE0358AA1A5912EE0059B06B /* Images.xcassets in Resources */,
				BE0358AE1A5912EE0059B06B /* iOS8SwiftTodayExtension WatchKit App.app in Resources */,
			);
			runOnlyForDeploymentPostprocessing = 0;
		};
		BE0358AB1A5912EE0059B06B /* Resources */ = {
			isa = PBXResourcesBuildPhase;
			buildActionMask = 2147483647;
			files = (
				BE0358B61A5912EE0059B06B /* Interface.storyboard in Resources */,
				BE0358B81A5912EE0059B06B /* Images.xcassets in Resources */,
			);
			runOnlyForDeploymentPostprocessing = 0;
		};
		BE75B5B31A589265002488B6 /* Resources */ = {
			isa = PBXResourcesBuildPhase;
			buildActionMask = 2147483647;
			files = (
				BE75B5C01A589265002488B6 /* Main.storyboard in Resources */,
				BE75B5C51A589265002488B6 /* LaunchScreen.xib in Resources */,
				BE75B5DC1A58942C002488B6 /* LICENSE in Resources */,
				BE75B5C21A589265002488B6 /* Images.xcassets in Resources */,
			);
			runOnlyForDeploymentPostprocessing = 0;
		};
		BE75B5C81A589265002488B6 /* Resources */ = {
			isa = PBXResourcesBuildPhase;
			buildActionMask = 2147483647;
			files = (
			);
			runOnlyForDeploymentPostprocessing = 0;
		};
		BE75B5E01A5894BC002488B6 /* Resources */ = {
			isa = PBXResourcesBuildPhase;
			buildActionMask = 2147483647;
			files = (
				BE75B5EC1A5894BC002488B6 /* MainInterface.storyboard in Resources */,
			);
			runOnlyForDeploymentPostprocessing = 0;
		};
/* End PBXResourcesBuildPhase section */

/* Begin PBXSourcesBuildPhase section */
		BE03589F1A5912EE0059B06B /* Sources */ = {
			isa = PBXSourcesBuildPhase;
			buildActionMask = 2147483647;
			files = (
				BE0358A81A5912EE0059B06B /* InterfaceController.swift in Sources */,
			);
			runOnlyForDeploymentPostprocessing = 0;
		};
		BE75B5B11A589265002488B6 /* Sources */ = {
			isa = PBXSourcesBuildPhase;
			buildActionMask = 2147483647;
			files = (
				BE75B5BD1A589265002488B6 /* ViewController.swift in Sources */,
				BE75B5BB1A589265002488B6 /* AppDelegate.swift in Sources */,
			);
			runOnlyForDeploymentPostprocessing = 0;
		};
		BE75B5C61A589265002488B6 /* Sources */ = {
			isa = PBXSourcesBuildPhase;
			buildActionMask = 2147483647;
			files = (
				BE75B5D11A589265002488B6 /* iOS8SwiftTodayExtensionTests.swift in Sources */,
			);
			runOnlyForDeploymentPostprocessing = 0;
		};
		BE75B5DE1A5894BC002488B6 /* Sources */ = {
			isa = PBXSourcesBuildPhase;
			buildActionMask = 2147483647;
			files = (
				BE75B5EA1A5894BC002488B6 /* TodayViewController.swift in Sources */,
			);
			runOnlyForDeploymentPostprocessing = 0;
		};
/* End PBXSourcesBuildPhase section */

/* Begin PBXTargetDependency section */
		BE0358B01A5912EE0059B06B /* PBXTargetDependency */ = {
			isa = PBXTargetDependency;
			target = BE0358AC1A5912EE0059B06B /* iOS8SwiftTodayExtension WatchKit App */;
			targetProxy = BE0358AF1A5912EE0059B06B /* PBXContainerItemProxy */;
		};
		BE0358BA1A5912EE0059B06B /* PBXTargetDependency */ = {
			isa = PBXTargetDependency;
			target = BE0358A21A5912EE0059B06B /* iOS8SwiftTodayExtension WatchKit Extension */;
			targetProxy = BE0358B91A5912EE0059B06B /* PBXContainerItemProxy */;
		};
		BE75B5CC1A589265002488B6 /* PBXTargetDependency */ = {
			isa = PBXTargetDependency;
			target = BE75B5B41A589265002488B6 /* iOS8SwiftTodayExtension */;
			targetProxy = BE75B5CB1A589265002488B6 /* PBXContainerItemProxy */;
		};
		BE75B5EE1A5894BC002488B6 /* PBXTargetDependency */ = {
			isa = PBXTargetDependency;
			target = BE75B5E11A5894BC002488B6 /* TodayExtension */;
			targetProxy = BE75B5ED1A5894BC002488B6 /* PBXContainerItemProxy */;
		};
/* End PBXTargetDependency section */

/* Begin PBXVariantGroup section */
		BE0358B41A5912EE0059B06B /* Interface.storyboard */ = {
			isa = PBXVariantGroup;
			children = (
				BE0358B51A5912EE0059B06B /* Base */,
			);
			name = Interface.storyboard;
			sourceTree = "<group>";
		};
		BE75B5BE1A589265002488B6 /* Main.storyboard */ = {
			isa = PBXVariantGroup;
			children = (
				BE75B5BF1A589265002488B6 /* Base */,
			);
			name = Main.storyboard;
			sourceTree = "<group>";
		};
		BE75B5C31A589265002488B6 /* LaunchScreen.xib */ = {
			isa = PBXVariantGroup;
			children = (
				BE75B5C41A589265002488B6 /* Base */,
			);
			name = LaunchScreen.xib;
			sourceTree = "<group>";
		};
/* End PBXVariantGroup section */

/* Begin XCBuildConfiguration section */
		BE0358BC1A5912EE0059B06B /* Debug */ = {
			isa = XCBuildConfiguration;
			buildSettings = {
				GCC_PREPROCESSOR_DEFINITIONS = (
					"DEBUG=1",
					"$(inherited)",
				);
				INFOPLIST_FILE = "iOS8SwiftTodayExtension WatchKit Extension/Info.plist";
				IPHONEOS_DEPLOYMENT_TARGET = 8.2;
				LD_RUNPATH_SEARCH_PATHS = "$(inherited) @executable_path/Frameworks @executable_path/../../Frameworks";
				PRODUCT_NAME = "${TARGET_NAME}";
				SKIP_INSTALL = YES;
			};
			name = Debug;
		};
		BE0358BD1A5912EE0059B06B /* Release */ = {
			isa = XCBuildConfiguration;
			buildSettings = {
				COPY_PHASE_STRIP = NO;
				INFOPLIST_FILE = "iOS8SwiftTodayExtension WatchKit Extension/Info.plist";
				IPHONEOS_DEPLOYMENT_TARGET = 8.2;
				LD_RUNPATH_SEARCH_PATHS = "$(inherited) @executable_path/Frameworks @executable_path/../../Frameworks";
				PRODUCT_NAME = "${TARGET_NAME}";
				SKIP_INSTALL = YES;
			};
			name = Release;
		};
		BE0358BE1A5912EE0059B06B /* Debug */ = {
			isa = XCBuildConfiguration;
			buildSettings = {
				ASSETCATALOG_COMPILER_APPICON_NAME = AppIcon;
				ASSETCATALOG_COMPILER_LAUNCHIMAGE_NAME = LaunchImage;
				GCC_PREPROCESSOR_DEFINITIONS = (
					"DEBUG=1",
					"$(inherited)",
				);
				IBSC_MODULE = iOS8SwiftTodayExtension_WatchKit_Extension;
				INFOPLIST_FILE = "iOS8SwiftTodayExtension WatchKit App/Info.plist";
				IPHONEOS_DEPLOYMENT_TARGET = 8.2;
				PRODUCT_NAME = "$(TARGET_NAME)";
				SKIP_INSTALL = YES;
				TARGETED_DEVICE_FAMILY = 4;
				"TARGETED_DEVICE_FAMILY[sdk=iphonesimulator*]" = "1,4";
			};
			name = Debug;
		};
		BE0358BF1A5912EE0059B06B /* Release */ = {
			isa = XCBuildConfiguration;
			buildSettings = {
				ASSETCATALOG_COMPILER_APPICON_NAME = AppIcon;
				ASSETCATALOG_COMPILER_LAUNCHIMAGE_NAME = LaunchImage;
				COPY_PHASE_STRIP = NO;
				IBSC_MODULE = iOS8SwiftTodayExtension_WatchKit_Extension;
				INFOPLIST_FILE = "iOS8SwiftTodayExtension WatchKit App/Info.plist";
				IPHONEOS_DEPLOYMENT_TARGET = 8.2;
				PRODUCT_NAME = "$(TARGET_NAME)";
				SKIP_INSTALL = YES;
				TARGETED_DEVICE_FAMILY = 4;
				"TARGETED_DEVICE_FAMILY[sdk=iphonesimulator*]" = "1,4";
			};
			name = Release;
		};
		BE75B5D21A589265002488B6 /* Debug */ = {
			isa = XCBuildConfiguration;
			buildSettings = {
				ALWAYS_SEARCH_USER_PATHS = NO;
				CLANG_CXX_LANGUAGE_STANDARD = "gnu++0x";
				CLANG_CXX_LIBRARY = "libc++";
				CLANG_ENABLE_MODULES = YES;
				CLANG_ENABLE_OBJC_ARC = YES;
				CLANG_WARN_BOOL_CONVERSION = YES;
				CLANG_WARN_CONSTANT_CONVERSION = YES;
				CLANG_WARN_DIRECT_OBJC_ISA_USAGE = YES_ERROR;
				CLANG_WARN_EMPTY_BODY = YES;
				CLANG_WARN_ENUM_CONVERSION = YES;
				CLANG_WARN_INT_CONVERSION = YES;
				CLANG_WARN_OBJC_ROOT_CLASS = YES_ERROR;
				CLANG_WARN_UNREACHABLE_CODE = YES;
				CLANG_WARN__DUPLICATE_METHOD_MATCH = YES;
				"CODE_SIGN_IDENTITY[sdk=iphoneos*]" = "iPhone Developer";
				COPY_PHASE_STRIP = NO;
				ENABLE_STRICT_OBJC_MSGSEND = YES;
				GCC_C_LANGUAGE_STANDARD = gnu99;
				GCC_DYNAMIC_NO_PIC = NO;
				GCC_OPTIMIZATION_LEVEL = 0;
				GCC_PREPROCESSOR_DEFINITIONS = (
					"DEBUG=1",
					"$(inherited)",
				);
				GCC_SYMBOLS_PRIVATE_EXTERN = NO;
				GCC_WARN_64_TO_32_BIT_CONVERSION = YES;
				GCC_WARN_ABOUT_RETURN_TYPE = YES_ERROR;
				GCC_WARN_UNDECLARED_SELECTOR = YES;
				GCC_WARN_UNINITIALIZED_AUTOS = YES_AGGRESSIVE;
				GCC_WARN_UNUSED_FUNCTION = YES;
				GCC_WARN_UNUSED_VARIABLE = YES;
				IPHONEOS_DEPLOYMENT_TARGET = 8.1;
				MTL_ENABLE_DEBUG_INFO = YES;
				ONLY_ACTIVE_ARCH = YES;
				SDKROOT = iphoneos;
				SWIFT_OPTIMIZATION_LEVEL = "-Onone";
				TARGETED_DEVICE_FAMILY = "1,2";
			};
			name = Debug;
		};
		BE75B5D31A589265002488B6 /* Release */ = {
			isa = XCBuildConfiguration;
			buildSettings = {
				ALWAYS_SEARCH_USER_PATHS = NO;
				CLANG_CXX_LANGUAGE_STANDARD = "gnu++0x";
				CLANG_CXX_LIBRARY = "libc++";
				CLANG_ENABLE_MODULES = YES;
				CLANG_ENABLE_OBJC_ARC = YES;
				CLANG_WARN_BOOL_CONVERSION = YES;
				CLANG_WARN_CONSTANT_CONVERSION = YES;
				CLANG_WARN_DIRECT_OBJC_ISA_USAGE = YES_ERROR;
				CLANG_WARN_EMPTY_BODY = YES;
				CLANG_WARN_ENUM_CONVERSION = YES;
				CLANG_WARN_INT_CONVERSION = YES;
				CLANG_WARN_OBJC_ROOT_CLASS = YES_ERROR;
				CLANG_WARN_UNREACHABLE_CODE = YES;
				CLANG_WARN__DUPLICATE_METHOD_MATCH = YES;
				"CODE_SIGN_IDENTITY[sdk=iphoneos*]" = "iPhone Developer";
				COPY_PHASE_STRIP = YES;
				ENABLE_NS_ASSERTIONS = NO;
				ENABLE_STRICT_OBJC_MSGSEND = YES;
				GCC_C_LANGUAGE_STANDARD = gnu99;
				GCC_WARN_64_TO_32_BIT_CONVERSION = YES;
				GCC_WARN_ABOUT_RETURN_TYPE = YES_ERROR;
				GCC_WARN_UNDECLARED_SELECTOR = YES;
				GCC_WARN_UNINITIALIZED_AUTOS = YES_AGGRESSIVE;
				GCC_WARN_UNUSED_FUNCTION = YES;
				GCC_WARN_UNUSED_VARIABLE = YES;
				IPHONEOS_DEPLOYMENT_TARGET = 8.1;
				MTL_ENABLE_DEBUG_INFO = NO;
				SDKROOT = iphoneos;
				TARGETED_DEVICE_FAMILY = "1,2";
				VALIDATE_PRODUCT = YES;
			};
			name = Release;
		};
		BE75B5D51A589265002488B6 /* Debug */ = {
			isa = XCBuildConfiguration;
			buildSettings = {
				ASSETCATALOG_COMPILER_APPICON_NAME = AppIcon;
				EMBEDDED_CONTENT_CONTAINS_SWIFT = YES;
				INFOPLIST_FILE = iOS8SwiftTodayExtension/Info.plist;
				LD_RUNPATH_SEARCH_PATHS = "$(inherited) @executable_path/Frameworks";
				PRODUCT_NAME = "$(TARGET_NAME)";
			};
			name = Debug;
		};
		BE75B5D61A589265002488B6 /* Release */ = {
			isa = XCBuildConfiguration;
			buildSettings = {
				ASSETCATALOG_COMPILER_APPICON_NAME = AppIcon;
				EMBEDDED_CONTENT_CONTAINS_SWIFT = YES;
				INFOPLIST_FILE = iOS8SwiftTodayExtension/Info.plist;
				LD_RUNPATH_SEARCH_PATHS = "$(inherited) @executable_path/Frameworks";
				PRODUCT_NAME = "$(TARGET_NAME)";
			};
			name = Release;
		};
		BE75B5D81A589265002488B6 /* Debug */ = {
			isa = XCBuildConfiguration;
			buildSettings = {
				BUNDLE_LOADER = "$(TEST_HOST)";
				FRAMEWORK_SEARCH_PATHS = (
					"$(SDKROOT)/Developer/Library/Frameworks",
					"$(inherited)",
				);
				GCC_PREPROCESSOR_DEFINITIONS = (
					"DEBUG=1",
					"$(inherited)",
				);
				INFOPLIST_FILE = iOS8SwiftTodayExtensionTests/Info.plist;
				LD_RUNPATH_SEARCH_PATHS = "$(inherited) @executable_path/Frameworks @loader_path/Frameworks";
				PRODUCT_NAME = "$(TARGET_NAME)";
				TEST_HOST = "$(BUILT_PRODUCTS_DIR)/iOS8SwiftTodayExtension.app/iOS8SwiftTodayExtension";
			};
			name = Debug;
		};
		BE75B5D91A589265002488B6 /* Release */ = {
			isa = XCBuildConfiguration;
			buildSettings = {
				BUNDLE_LOADER = "$(TEST_HOST)";
				FRAMEWORK_SEARCH_PATHS = (
					"$(SDKROOT)/Developer/Library/Frameworks",
					"$(inherited)",
				);
				INFOPLIST_FILE = iOS8SwiftTodayExtensionTests/Info.plist;
				LD_RUNPATH_SEARCH_PATHS = "$(inherited) @executable_path/Frameworks @loader_path/Frameworks";
				PRODUCT_NAME = "$(TARGET_NAME)";
				TEST_HOST = "$(BUILT_PRODUCTS_DIR)/iOS8SwiftTodayExtension.app/iOS8SwiftTodayExtension";
			};
			name = Release;
		};
		BE75B5F21A5894BC002488B6 /* Debug */ = {
			isa = XCBuildConfiguration;
			buildSettings = {
				GCC_PREPROCESSOR_DEFINITIONS = (
					"DEBUG=1",
					"$(inherited)",
				);
				INFOPLIST_FILE = TodayExtension/Info.plist;
				LD_RUNPATH_SEARCH_PATHS = "$(inherited) @executable_path/Frameworks @executable_path/../../Frameworks";
				PRODUCT_NAME = "$(TARGET_NAME)";
				SKIP_INSTALL = YES;
			};
			name = Debug;
		};
		BE75B5F31A5894BC002488B6 /* Release */ = {
			isa = XCBuildConfiguration;
			buildSettings = {
				INFOPLIST_FILE = TodayExtension/Info.plist;
				LD_RUNPATH_SEARCH_PATHS = "$(inherited) @executable_path/Frameworks @executable_path/../../Frameworks";
				PRODUCT_NAME = "$(TARGET_NAME)";
				SKIP_INSTALL = YES;
			};
			name = Release;
		};
/* End XCBuildConfiguration section */

/* Begin XCConfigurationList section */
		BE0358C01A5912EE0059B06B /* Build configuration list for PBXNativeTarget "iOS8SwiftTodayExtension WatchKit App" */ = {
			isa = XCConfigurationList;
			buildConfigurations = (
				BE0358BE1A5912EE0059B06B /* Debug */,
				BE0358BF1A5912EE0059B06B /* Release */,
			);
			defaultConfigurationIsVisible = 0;
		};
		BE0358C11A5912EE0059B06B /* Build configuration list for PBXNativeTarget "iOS8SwiftTodayExtension WatchKit Extension" */ = {
			isa = XCConfigurationList;
			buildConfigurations = (
				BE0358BC1A5912EE0059B06B /* Debug */,
				BE0358BD1A5912EE0059B06B /* Release */,
			);
			defaultConfigurationIsVisible = 0;
		};
		BE75B5B01A589265002488B6 /* Build configuration list for PBXProject "iOS8SwiftTodayExtension" */ = {
			isa = XCConfigurationList;
			buildConfigurations = (
				BE75B5D21A589265002488B6 /* Debug */,
				BE75B5D31A589265002488B6 /* Release */,
			);
			defaultConfigurationIsVisible = 0;
			defaultConfigurationName = Release;
		};
		BE75B5D41A589265002488B6 /* Build configuration list for PBXNativeTarget "iOS8SwiftTodayExtension" */ = {
			isa = XCConfigurationList;
			buildConfigurations = (
				BE75B5D51A589265002488B6 /* Debug */,
				BE75B5D61A589265002488B6 /* Release */,
			);
			defaultConfigurationIsVisible = 0;
			defaultConfigurationName = Release;
		};
		BE75B5D71A589265002488B6 /* Build configuration list for PBXNativeTarget "iOS8SwiftTodayExtensionTests" */ = {
			isa = XCConfigurationList;
			buildConfigurations = (
				BE75B5D81A589265002488B6 /* Debug */,
				BE75B5D91A589265002488B6 /* Release */,
			);
			defaultConfigurationIsVisible = 0;
			defaultConfigurationName = Release;
		};
		BE75B5F11A5894BC002488B6 /* Build configuration list for PBXNativeTarget "TodayExtension" */ = {
			isa = XCConfigurationList;
			buildConfigurations = (
				BE75B5F21A5894BC002488B6 /* Debug */,
				BE75B5F31A5894BC002488B6 /* Release */,
			);
			defaultConfigurationIsVisible = 0;
			defaultConfigurationName = Release;
		};
/* End XCConfigurationList section */
	};
	rootObject = BE75B5AD1A589265002488B6 /* Project object */;
}
